<?xml version="1.0" encoding="utf-8"?>
<Project ToolsVersion="4.0" xmlns="http://schemas.microsoft.com/developer/msbuild/2003">
  <ItemGroup>
    <FxCompile Include="Shader\Ray.hlsl">
      <Filter>Game\Shader</Filter>
    </FxCompile>
    <FxCompile Include="Shader\Simple.hlsl">
      <Filter>Game\Shader</Filter>
    </FxCompile>
    <FxCompile Include="Shader\DebugText.hlsl">
      <Filter>Game\Shader</Filter>
    </FxCompile>
    <FxCompile Include="Shader\Mesh.hlsl">
      <Filter>Game\Shader</Filter>
    </FxCompile>
    <FxCompile Include="Shader\Sprite2D.hlsl">
      <Filter>Game\Shader</Filter>
    </FxCompile>
  </ItemGroup>
  <ItemGroup>
    <ClCompile Include="Source\DebugText.cpp">
      <Filter>Game\DebugText</Filter>
    </ClCompile>
    <ClCompile Include="Source\Direct3D.cpp">
      <Filter>Game\Direct3D</Filter>
    </ClCompile>
    <ClCompile Include="Source\C_LoadData.cpp">
      <Filter>Game\Load</Filter>
    </ClCompile>
    <ClCompile Include="Source\CResource.cpp">
      <Filter>Game\Model</Filter>
    </ClCompile>
    <ClCompile Include="Source\Base.cpp">
      <Filter>Game\Scene\Base</Filter>
    </ClCompile>
    <ClCompile Include="Source\Play.cpp">
      <Filter>Game\Scene\Main</Filter>
    </ClCompile>
    <ClCompile Include="Source\SceneManager.cpp">
      <Filter>Game\Scene\Manager</Filter>
    </ClCompile>
    <ClCompile Include="Source\Title.cpp">
      <Filter>Game\Scene\Title</Filter>
    </ClCompile>
    <ClCompile Include="Source\Sound.cpp">
      <Filter>Game\Sound</Filter>
    </ClCompile>
    <ClCompile Include="Source\BoardPolygon.cpp">
      <Filter>Game\Sprite</Filter>
    </ClCompile>
    <ClCompile Include="Source\DX9Mesh.cpp">
      <Filter>Game\Sprite</Filter>
    </ClCompile>
    <ClCompile Include="Source\cCommon.cpp">
      <Filter>Game</Filter>
    </ClCompile>
    <ClCompile Include="Source\Game.cpp">
      <Filter>Game</Filter>
    </ClCompile>
    <ClCompile Include="Source\Main.cpp">
      <Filter>Game</Filter>
    </ClCompile>
    <ClCompile Include="Source\C_Enemy.cpp">
      <Filter>Game\Charactor</Filter>
    </ClCompile>
    <ClCompile Include="Source\C_Object.cpp">
      <Filter>Game\Charactor</Filter>
    </ClCompile>
    <ClCompile Include="Source\C_Player.cpp">
      <Filter>Game\Charactor</Filter>
    </ClCompile>
    <ClCompile Include="Source\Charactor.cpp">
      <Filter>Game\Charactor</Filter>
    </ClCompile>
    <ClCompile Include="Source\DInput.cpp">
      <Filter>Game\Controller</Filter>
    </ClCompile>
    <ClCompile Include="Source\Manual.cpp">
      <Filter>Game\Scene\Manual</Filter>
    </ClCompile>
    <ClCompile Include="Source\2DTex.cpp">
      <Filter>Game\Sprite</Filter>
    </ClCompile>
    <ClCompile Include="Source\1Pwin.cpp">
      <Filter>Game\Scene\1PWin</Filter>
    </ClCompile>
    <ClCompile Include="Source\2Pwin.cpp">
      <Filter>Game\Scene\2PWin</Filter>
    </ClCompile>
  </ItemGroup>
  <ItemGroup>
    <ClInclude Include="Source\MyMacro.h">
      <Filter>Game\Shader</Filter>
    </ClInclude>
    <ClInclude Include="Source\DebugText.h">
      <Filter>Game\DebugText</Filter>
    </ClInclude>
    <ClInclude Include="Source\Direct3D.h">
      <Filter>Game\Direct3D</Filter>
    </ClInclude>
    <ClInclude Include="Source\C_LoadData.h">
      <Filter>Game\Load</Filter>
    </ClInclude>
    <ClInclude Include="Source\CResource.h">
      <Filter>Game\Model</Filter>
    </ClInclude>
    <ClInclude Include="Source\Base.h">
      <Filter>Game\Scene\Base</Filter>
    </ClInclude>
    <ClInclude Include="Source\Play.h">
      <Filter>Game\Scene\Main</Filter>
    </ClInclude>
    <ClInclude Include="Source\SceneManager.h">
      <Filter>Game\Scene\Manager</Filter>
    </ClInclude>
    <ClInclude Include="Source\Title.h">
      <Filter>Game\Scene\Title</Filter>
    </ClInclude>
    <ClInclude Include="Source\Sound.h">
      <Filter>Game\Sound</Filter>
    </ClInclude>
    <ClInclude Include="Source\BoardPolygon.h">
      <Filter>Game\Sprite</Filter>
    </ClInclude>
    <ClInclude Include="Source\DX9Mesh.h">
      <Filter>Game\Sprite</Filter>
    </ClInclude>
    <ClInclude Include="Source\cCommon.h">
      <Filter>Game</Filter>
    </ClInclude>
    <ClInclude Include="Source\Game.h">
      <Filter>Game</Filter>
    </ClInclude>
    <ClInclude Include="Source\Global.h">
      <Filter>Game</Filter>
    </ClInclude>
    <ClInclude Include="Source\Main.h">
      <Filter>Game</Filter>
    </ClInclude>
    <ClInclude Include="Source\C_Enemy.h">
      <Filter>Game\Charactor</Filter>
    </ClInclude>
    <ClInclude Include="Source\C_Object.h">
      <Filter>Game\Charactor</Filter>
    </ClInclude>
    <ClInclude Include="Source\C_Player.h">
      <Filter>Game\Charactor</Filter>
    </ClInclude>
    <ClInclude Include="Source\Charactor.h">
      <Filter>Game\Charactor</Filter>
    </ClInclude>
    <ClInclude Include="Source\DInput.h">
      <Filter>Game\Controller</Filter>
    </ClInclude>
    <ClInclude Include="Source\Manual.h">
      <Filter>Game\Scene\Manual</Filter>
    </ClInclude>
    <ClInclude Include="Source\2DTex.h">
      <Filter>Game\Sprite</Filter>
    </ClInclude>
    <ClInclude Include="Source\1Pwin.h">
      <Filter>Game\Scene\1PWin</Filter>
    </ClInclude>
    <ClInclude Include="Source\2Pwin.h">
      <Filter>Game\Scene\2PWin</Filter>
    </ClInclude>
  </ItemGroup>
  <ItemGroup>
    <Filter Include="Game">
      <UniqueIdentifier>{3d99c457-cbfb-4cb5-addf-f9844e9e84d5}</UniqueIdentifier>
    </Filter>
    <Filter Include="Game\Sprite">
      <UniqueIdentifier>{7c75637a-cf4e-4f34-9599-ae5c01d2dcf8}</UniqueIdentifier>
    </Filter>
    <Filter Include="Game\Model">
      <UniqueIdentifier>{e27e822c-199a-4b31-893a-f5f95669cf37}</UniqueIdentifier>
    </Filter>
    <Filter Include="Game\DebugText">
      <UniqueIdentifier>{0cfc133f-9b22-4109-b616-d39828e7ddd2}</UniqueIdentifier>
    </Filter>
    <Filter Include="Game\Shader">
      <UniqueIdentifier>{8cf6c084-ec30-4d43-a565-5270f277335b}</UniqueIdentifier>
    </Filter>
    <Filter Include="Game\Sound">
      <UniqueIdentifier>{a5e54bc3-ca3d-4f8f-9f3a-22b8251c483b}</UniqueIdentifier>
    </Filter>
    <Filter Include="Game\Controller">
      <UniqueIdentifier>{8be8eb61-ae59-4d8d-a924-cb65cc9ae122}</UniqueIdentifier>
    </Filter>
    <Filter Include="Game\Load">
      <UniqueIdentifier>{b6d047e5-e379-44e6-a5f3-8d2ddfb0ffff}</UniqueIdentifier>
    </Filter>
    <Filter Include="Game\Scene">
      <UniqueIdentifier>{b52a1adb-4ad5-469f-a09c-0e1749427c2a}</UniqueIdentifier>
    </Filter>
    <Filter Include="Game\Scene\Base">
      <UniqueIdentifier>{52d99214-a876-4011-8e16-e11640f48a82}</UniqueIdentifier>
    </Filter>
    <Filter Include="Game\Scene\Manager">
      <UniqueIdentifier>{d7501e29-1b17-4ec0-84e7-d9615f82355c}</UniqueIdentifier>
    </Filter>
    <Filter Include="Game\Direct3D">
      <UniqueIdentifier>{d547de52-dd40-4608-8b09-acc33cd77292}</UniqueIdentifier>
    </Filter>
    <Filter Include="Game\Charactor">
      <UniqueIdentifier>{b2976244-1537-4acd-938f-31fd90024b0d}</UniqueIdentifier>
    </Filter>
    <Filter Include="Game\Scene\1PWin">
      <UniqueIdentifier>{937d5040-7184-4a27-bf62-dc80eb01256c}</UniqueIdentifier>
    </Filter>
    <Filter Include="Game\Scene\2PWin">
      <UniqueIdentifier>{05bda59c-2557-4a73-a860-fdd98d5d2cc3}</UniqueIdentifier>
    </Filter>
    <Filter Include="Game\Scene\Title">
      <UniqueIdentifier>{e19f2d11-d965-4e07-99f1-fc3d1a41a332}</UniqueIdentifier>
    </Filter>
    <Filter Include="Game\Scene\Manual">
      <UniqueIdentifier>{0021eb89-553c-4a82-9c9c-ae741f54d136}</UniqueIdentifier>
    </Filter>
    <Filter Include="Game\Scene\Main">
      <UniqueIdentifier>{a3e663a6-4cd3-41fb-b7f4-86b8fd4dabf1}</UniqueIdentifier>
    </Filter>
  </ItemGroup>
</Project>